
Microsoft Visual Studio Solution File, Format Version 12.00
# Visual Studio Version 17
VisualStudioVersion = 17.5.33414.496
MinimumVisualStudioVersion = 10.0.40219.1
Project("{9A19103F-16F7-4668-BE54-9A1E7A4F7556}") = "Konfig", "Konfig.csproj", "{F9A50DC2-EFEC-44CA-8EEB-FD7C268827C9}"
EndProject
Project("{9A19103F-16F7-4668-BE54-9A1E7A4F7556}") = "KonfigPatcher", "..\kpatcher\KonfigPatcher.csproj", "{6FDA2469-C365-40C7-9A21-DBD0B58135A3}"
EndProject
Global
	GlobalSection(SolutionConfigurationPlatforms) = preSolution
		Debug|Any CPU = Debug|Any CPU
		Release|Any CPU = Release|Any CPU
	EndGlobalSection
	GlobalSection(ProjectConfigurationPlatforms) = postSolution
		{F9A50DC2-EFEC-44CA-8EEB-FD7C268827C9}.Debug|Any CPU.ActiveCfg = Debug|Any CPU
		{F9A50DC2-EFEC-44CA-8EEB-FD7C268827C9}.Debug|Any CPU.Build.0 = Debug|Any CPU
		{F9A50DC2-EFEC-44CA-8EEB-FD7C268827C9}.Release|Any CPU.ActiveCfg = Release|Any CPU
		{F9A50DC2-EFEC-44CA-8EEB-FD7C268827C9}.Release|Any CPU.Build.0 = Release|Any CPU
		{6FDA2469-C365-40C7-9A21-DBD0B58135A3}.Debug|Any CPU.ActiveCfg = Debug|Any CPU
		{6FDA2469-C365-40C7-9A21-DBD0B58135A3}.Debug|Any CPU.Build.0 = Debug|Any CPU
		{6FDA2469-C365-40C7-9A21-DBD0B58135A3}.Release|Any CPU.ActiveCfg = Release|Any CPU
		{6FDA2469-C365-40C7-9A21-DBD0B58135A3}.Release|Any CPU.Build.0 = Release|Any CPU
	EndGlobalSection
	GlobalSection(SolutionProperties) = preSolution
		HideSolutionNode = FALSE
	EndGlobalSection
	GlobalSection(ExtensibilityGlobals) = postSolution
		SolutionGuid = {6AA2A78F-765F-4DD6-981B-5F9F135BC390}
	EndGlobalSection
EndGlobal
