
Microsoft Visual Studio Solution File, Format Version 12.00
# Visual Studio Version 17
VisualStudioVersion = 17.5.33414.496
MinimumVisualStudioVersion = 10.0.40219.1
Project("{9A19103F-16F7-4668-BE54-9A1E7A4F7556}") = "KonfigPatcher", "KonfigPatcher.csproj", "{E4854849-9CDB-47DC-B8FF-91DB9295FEE4}"
EndProject
Global
	GlobalSection(SolutionConfigurationPlatforms) = preSolution
		Debug|Any CPU = Debug|Any CPU
		Release|Any CPU = Release|Any CPU
	EndGlobalSection
	GlobalSection(ProjectConfigurationPlatforms) = postSolution
		{E4854849-9CDB-47DC-B8FF-91DB9295FEE4}.Debug|Any CPU.ActiveCfg = Debug|Any CPU
		{E4854849-9CDB-47DC-B8FF-91DB9295FEE4}.Debug|Any CPU.Build.0 = Debug|Any CPU
		{E4854849-9CDB-47DC-B8FF-91DB9295FEE4}.Release|Any CPU.ActiveCfg = Release|Any CPU
		{E4854849-9CDB-47DC-B8FF-91DB9295FEE4}.Release|Any CPU.Build.0 = Release|Any CPU
	EndGlobalSection
	GlobalSection(SolutionProperties) = preSolution
		HideSolutionNode = FALSE
	EndGlobalSection
	GlobalSection(ExtensibilityGlobals) = postSolution
		SolutionGuid = {E0E735A6-AE1E-4508-B217-301EB7AC830B}
	EndGlobalSection
EndGlobal
